// !$*UTF8*$!
{
	archiveVersion = 1;
	classes = {
	};
	objectVersion = 46;
	objects = {

/* Begin PBXBuildFile section */
		76A038D81A93F11000A14332 /* main.m in Sources */ = {isa = PBXBuildFile; fileRef = 76A038D71A93F11000A14332 /* main.m */; };
		76A038DB1A93F11000A14332 /* AppDelegate.m in Sources */ = {isa = PBXBuildFile; fileRef = 76A038DA1A93F11000A14332 /* AppDelegate.m */; };
		76A038DE1A93F11000A14332 /* ViewController.m in Sources */ = {isa = PBXBuildFile; fileRef = 76A038DD1A93F11000A14332 /* ViewController.m */; };
		76A038E11A93F11000A14332 /* Main.storyboard in Resources */ = {isa = PBXBuildFile; fileRef = 76A038DF1A93F11000A14332 /* Main.storyboard */; };
		76A038E31A93F11000A14332 /* Images.xcassets in Resources */ = {isa = PBXBuildFile; fileRef = 76A038E21A93F11000A14332 /* Images.xcassets */; };
		76A038E61A93F11000A14332 /* LaunchScreen.xib in Resources */ = {isa = PBXBuildFile; fileRef = 76A038E41A93F11000A14332 /* LaunchScreen.xib */; };
		76A038F21A93F11000A14332 /* SandboxTests.m in Sources */ = {isa = PBXBuildFile; fileRef = 76A038F11A93F11000A14332 /* SandboxTests.m */; };
/* End PBXBuildFile section */

/* Begin PBXContainerItemProxy section */
		76A038EC1A93F11000A14332 /* PBXContainerItemProxy */ = {
			isa = PBXContainerItemProxy;
			containerPortal = 76A038CA1A93F11000A14332 /* Project object */;
			proxyType = 1;
			remoteGlobalIDString = 76A038D11A93F11000A14332;
			remoteInfo = Sandbox;
		};
/* End PBXContainerItemProxy section */

/* Begin PBXFileReference section */
		76A038D21A93F11000A14332 /* Sandbox.app */ = {isa = PBXFileReference; explicitFileType = wrapper.application; includeInIndex = 0; path = Sandbox.app; sourceTree = BUILT_PRODUCTS_DIR; };
		76A038D61A93F11000A14332 /* Info.plist */ = {isa = PBXFileReference; lastKnownFileType = text.plist.xml; path = Info.plist; sourceTree = "<group>"; };
		76A038D71A93F11000A14332 /* main.m */ = {isa = PBXFileReference; lastKnownFileType = sourcecode.c.objc; path = main.m; sourceTree = "<group>"; };
		76A038D91A93F11000A14332 /* AppDelegate.h */ = {isa = PBXFileReference; lastKnownFileType = sourcecode.c.h; path = AppDelegate.h; sourceTree = "<group>"; };
		76A038DA1A93F11000A14332 /* AppDelegate.m */ = {isa = PBXFileReference; lastKnownFileType = sourcecode.c.objc; path = AppDelegate.m; sourceTree = "<group>"; };
		76A038DC1A93F11000A14332 /* ViewController.h */ = {isa = PBXFileReference; lastKnownFileType = sourcecode.c.h; path = ViewController.h; sourceTree = "<group>"; };
		76A038DD1A93F11000A14332 /* ViewController.m */ = {isa = PBXFileReference; lastKnownFileType = sourcecode.c.objc; path = ViewController.m; sourceTree = "<group>"; };
		76A038E01A93F11000A14332 /* Base */ = {isa = PBXFileReference; lastKnownFileType = file.storyboard; name = Base; path = Base.lproj/Main.storyboard; sourceTree = "<group>"; };
		76A038E21A93F11000A14332 /* Images.xcassets */ = {isa = PBXFileReference; lastKnownFileType = folder.assetcatalog; path = Images.xcassets; sourceTree = "<group>"; };
		76A038E51A93F11000A14332 /* Base */ = {isa = PBXFileReference; lastKnownFileType = file.xib; name = Base; path = Base.lproj/LaunchScreen.xib; sourceTree = "<group>"; };
		76A038EB1A93F11000A14332 /* SandboxTests.xctest */ = {isa = PBXFileReference; explicitFileType = wrapper.cfbundle; includeInIndex = 0; path = SandboxTests.xctest; sourceTree = BUILT_PRODUCTS_DIR; };
		76A038F01A93F11000A14332 /* Info.plist */ = {isa = PBXFileReference; lastKnownFileType = text.plist.xml; path = Info.plist; sourceTree = "<group>"; };
		76A038F11A93F11000A14332 /* SandboxTests.m */ = {isa = PBXFileReference; lastKnownFileType = sourcecode.c.objc; path = SandboxTests.m; sourceTree = "<group>"; };
/* End PBXFileReference section */

/* Begin PBXFrameworksBuildPhase section */
		76A038CF1A93F11000A14332 /* Frameworks */ = {
			isa = PBXFrameworksBuildPhase;
			buildActionMask = 2147483647;
			files = (
			);
			runOnlyForDeploymentPostprocessing = 0;
		};
		76A038E81A93F11000A14332 /* Frameworks */ = {
			isa = PBXFrameworksBuildPhase;
			buildActionMask = 2147483647;
			files = (
			);
			runOnlyForDeploymentPostprocessing = 0;
		};
/* End PBXFrameworksBuildPhase section */

/* Begin PBXGroup section */
		76A038C91A93F11000A14332 = {
			isa = PBXGroup;
			children = (
				76A038D41A93F11000A14332 /* Sandbox */,
				76A038EE1A93F11000A14332 /* SandboxTests */,
				76A038D31A93F11000A14332 /* Products */,
			);
			sourceTree = "<group>";
		};
		76A038D31A93F11000A14332 /* Products */ = {
			isa = PBXGroup;
			children = (
				76A038D21A93F11000A14332 /* Sandbox.app */,
				76A038EB1A93F11000A14332 /* SandboxTests.xctest */,
			);
			name = Products;
			sourceTree = "<group>";
		};
		76A038D41A93F11000A14332 /* Sandbox */ = {
			isa = PBXGroup;
			children = (
				76A038D91A93F11000A14332 /* AppDelegate.h */,
				76A038DA1A93F11000A14332 /* AppDelegate.m */,
				76A038DC1A93F11000A14332 /* ViewController.h */,
				76A038DD1A93F11000A14332 /* ViewController.m */,
				76A038DF1A93F11000A14332 /* Main.storyboard */,
				76A038E21A93F11000A14332 /* Images.xcassets */,
				76A038E41A93F11000A14332 /* LaunchScreen.xib */,
				76A038D51A93F11000A14332 /* Supporting Files */,
			);
			path = Sandbox;
			sourceTree = "<group>";
		};
		76A038D51A93F11000A14332 /* Supporting Files */ = {
			isa = PBXGroup;
			children = (
				76A038D61A93F11000A14332 /* Info.plist */,
				76A038D71A93F11000A14332 /* main.m */,
			);
			name = "Supporting Files";
			sourceTree = "<group>";
		};
		76A038EE1A93F11000A14332 /* SandboxTests */ = {
			isa = PBXGroup;
			children = (
				76A038F11A93F11000A14332 /* SandboxTests.m */,
				76A038EF1A93F11000A14332 /* Supporting Files */,
			);
			path = SandboxTests;
			sourceTree = "<group>";
		};
		76A038EF1A93F11000A14332 /* Supporting Files */ = {
			isa = PBXGroup;
			children = (
				76A038F01A93F11000A14332 /* Info.plist */,
			);
			name = "Supporting Files";
			sourceTree = "<group>";
		};
/* End PBXGroup section */

/* Begin PBXNativeTarget section */
		76A038D11A93F11000A14332 /* Sandbox */ = {
			isa = PBXNativeTarget;
			buildConfigurationList = 76A038F51A93F11000A14332 /* Build configuration list for PBXNativeTarget "Sandbox" */;
			buildPhases = (
				76A038CE1A93F11000A14332 /* Sources */,
				76A038CF1A93F11000A14332 /* Frameworks */,
				76A038D01A93F11000A14332 /* Resources */,
			);
			buildRules = (
			);
			dependencies = (
			);
			name = Sandbox;
			productName = Sandbox;
			productReference = 76A038D21A93F11000A14332 /* Sandbox.app */;
			productType = "com.apple.product-type.application";
		};
		76A038EA1A93F11000A14332 /* SandboxTests */ = {
			isa = PBXNativeTarget;
			buildConfigurationList = 76A038F81A93F11000A14332 /* Build configuration list for PBXNativeTarget "SandboxTests" */;
			buildPhases = (
				76A038E71A93F11000A14332 /* Sources */,
				76A038E81A93F11000A14332 /* Frameworks */,
				76A038E91A93F11000A14332 /* Resources */,
			);
			buildRules = (
			);
			dependencies = (
				76A038ED1A93F11000A14332 /* PBXTargetDependency */,
			);
			name = SandboxTests;
			productName = SandboxTests;
			productReference = 76A038EB1A93F11000A14332 /* SandboxTests.xctest */;
			productType = "com.apple.product-type.bundle.unit-test";
		};
/* End PBXNativeTarget section */

/* Begin PBXProject section */
		76A038CA1A93F11000A14332 /* Project object */ = {
			isa = PBXProject;
			attributes = {
				LastUpgradeCheck = 0610;
				ORGANIZATIONNAME = "Matt Lafferty";
				TargetAttributes = {
					76A038D11A93F11000A14332 = {
						CreatedOnToolsVersion = 6.1.1;
					};
					76A038EA1A93F11000A14332 = {
						CreatedOnToolsVersion = 6.1.1;
						TestTargetID = 76A038D11A93F11000A14332;
					};
				};
			};
			buildConfigurationList = 76A038CD1A93F11000A14332 /* Build configuration list for PBXProject "Sandbox" */;
			compatibilityVersion = "Xcode 3.2";
			developmentRegion = English;
			hasScannedForEncodings = 0;
			knownRegions = (
				en,
				Base,
			);
			mainGroup = 76A038C91A93F11000A14332;
			productRefGroup = 76A038D31A93F11000A14332 /* Products */;
			projectDirPath = "";
			projectRoot = "";
			targets = (
				76A038D11A93F11000A14332 /* Sandbox */,
				76A038EA1A93F11000A14332 /* SandboxTests */,
			);
		};
/* End PBXProject section */

/* Begin PBXResourcesBuildPhase section */
		76A038D01A93F11000A14332 /* Resources */ = {
			isa = PBXResourcesBuildPhase;
			buildActionMask = 2147483647;
			files = (
				76A038E11A93F11000A14332 /* Main.storyboard in Resources */,
				76A038E61A93F11000A14332 /* LaunchScreen.xib in Resources */,
				76A038E31A93F11000A14332 /* Images.xcassets in Resources */,
			);
			runOnlyForDeploymentPostprocessing = 0;
		};
		76A038E91A93F11000A14332 /* Resources */ = {
			isa = PBXResourcesBuildPhase;
			buildActionMask = 2147483647;
			files = (
			);
			runOnlyForDeploymentPostprocessing = 0;
		};
/* End PBXResourcesBuildPhase section */

/* Begin PBXSourcesBuildPhase section */
		76A038CE1A93F11000A14332 /* Sources */ = {
			isa = PBXSourcesBuildPhase;
			buildActionMask = 2147483647;
			files = (
				76A038DE1A93F11000A14332 /* ViewController.m in Sources */,
				76A038DB1A93F11000A14332 /* AppDelegate.m in Sources */,
				76A038D81A93F11000A14332 /* main.m in Sources */,
			);
			runOnlyForDeploymentPostprocessing = 0;
		};
		76A038E71A93F11000A14332 /* Sources */ = {
			isa = PBXSourcesBuildPhase;
			buildActionMask = 2147483647;
			files = (
				76A038F21A93F11000A14332 /* SandboxTests.m in Sources */,
			);
			runOnlyForDeploymentPostprocessing = 0;
		};
/* End PBXSourcesBuildPhase section */

/* Begin PBXTargetDependency section */
		76A038ED1A93F11000A14332 /* PBXTargetDependency */ = {
			isa = PBXTargetDependency;
			target = 76A038D11A93F11000A14332 /* Sandbox */;
			targetProxy = 76A038EC1A93F11000A14332 /* PBXContainerItemProxy */;
		};
/* End PBXTargetDependency section */

/* Begin PBXVariantGroup section */
		76A038DF1A93F11000A14332 /* Main.storyboard */ = {
			isa = PBXVariantGroup;
			children = (
				76A038E01A93F11000A14332 /* Base */,
			);
			name = Main.storyboard;
			sourceTree = "<group>";
		};
		76A038E41A93F11000A14332 /* LaunchScreen.xib */ = {
			isa = PBXVariantGroup;
			children = (
				76A038E51A93F11000A14332 /* Base */,
			);
			name = LaunchScreen.xib;
			sourceTree = "<group>";
		};
/* End PBXVariantGroup section */

/* Begin XCBuildConfiguration section */
		76A038F31A93F11000A14332 /* Debug */ = {
			isa = XCBuildConfiguration;
			buildSettings = {
				ALWAYS_SEARCH_USER_PATHS = NO;
				CLANG_CXX_LANGUAGE_STANDARD = "gnu++0x";
				CLANG_CXX_LIBRARY = "libc++";
				CLANG_ENABLE_MODULES = YES;
				CLANG_ENABLE_OBJC_ARC = YES;
				CLANG_WARN_BOOL_CONVERSION = YES;
				CLANG_WARN_CONSTANT_CONVERSION = YES;
				CLANG_WARN_DIRECT_OBJC_ISA_USAGE = YES_ERROR;
				CLANG_WARN_EMPTY_BODY = YES;
				CLANG_WARN_ENUM_CONVERSION = YES;
				CLANG_WARN_INT_CONVERSION = YES;
				CLANG_WARN_OBJC_ROOT_CLASS = YES_ERROR;
				CLANG_WARN_UNREACHABLE_CODE = YES;
				CLANG_WARN__DUPLICATE_METHOD_MATCH = YES;
				"CODE_SIGN_IDENTITY[sdk=iphoneos*]" = "iPhone Developer";
				COPY_PHASE_STRIP = NO;
				ENABLE_STRICT_OBJC_MSGSEND = YES;
				GCC_C_LANGUAGE_STANDARD = gnu99;
				GCC_DYNAMIC_NO_PIC = NO;
				GCC_OPTIMIZATION_LEVEL = 0;
				GCC_PREPROCESSOR_DEFINITIONS = (
					"DEBUG=1",
					"$(inherited)",
				);
				GCC_SYMBOLS_PRIVATE_EXTERN = NO;
				GCC_WARN_64_TO_32_BIT_CONVERSION = YES;
				GCC_WARN_ABOUT_RETURN_TYPE = YES_ERROR;
				GCC_WARN_UNDECLARED_SELECTOR = YES;
				GCC_WARN_UNINITIALIZED_AUTOS = YES_AGGRESSIVE;
				GCC_WARN_UNUSED_FUNCTION = YES;
				GCC_WARN_UNUSED_VARIABLE = YES;
				IPHONEOS_DEPLOYMENT_TARGET = 8.1;
				MTL_ENABLE_DEBUG_INFO = YES;
				ONLY_ACTIVE_ARCH = YES;
				SDKROOT = iphoneos;
			};
			name = Debug;
		};
		76A038F41A93F11000A14332 /* Release */ = {
			isa = XCBuildConfiguration;
			buildSettings = {
				ALWAYS_SEARCH_USER_PATHS = NO;
				CLANG_CXX_LANGUAGE_STANDARD = "gnu++0x";
				CLANG_CXX_LIBRARY = "libc++";
				CLANG_ENABLE_MODULES = YES;
				CLANG_ENABLE_OBJC_ARC = YES;
				CLANG_WARN_BOOL_CONVERSION = YES;
				CLANG_WARN_CONSTANT_CONVERSION = YES;
				CLANG_WARN_DIRECT_OBJC_ISA_USAGE = YES_ERROR;
				CLANG_WARN_EMPTY_BODY = YES;
				CLANG_WARN_ENUM_CONVERSION = YES;
				CLANG_WARN_INT_CONVERSION = YES;
				CLANG_WARN_OBJC_ROOT_CLASS = YES_ERROR;
				CLANG_WARN_UNREACHABLE_CODE = YES;
				CLANG_WARN__DUPLICATE_METHOD_MATCH = YES;
				"CODE_SIGN_IDENTITY[sdk=iphoneos*]" = "iPhone Developer";
				COPY_PHASE_STRIP = YES;
				ENABLE_NS_ASSERTIONS = NO;
				ENABLE_STRICT_OBJC_MSGSEND = YES;
				GCC_C_LANGUAGE_STANDARD = gnu99;
				GCC_WARN_64_TO_32_BIT_CONVERSION = YES;
				GCC_WARN_ABOUT_RETURN_TYPE = YES_ERROR;
				GCC_WARN_UNDECLARED_SELECTOR = YES;
				GCC_WARN_UNINITIALIZED_AUTOS = YES_AGGRESSIVE;
				GCC_WARN_UNUSED_FUNCTION = YES;
				GCC_WARN_UNUSED_VARIABLE = YES;
				IPHONEOS_DEPLOYMENT_TARGET = 8.1;
				MTL_ENABLE_DEBUG_INFO = NO;
				SDKROOT = iphoneos;
				VALIDATE_PRODUCT = YES;
			};
			name = Release;
		};
		76A038F61A93F11000A14332 /* Debug */ = {
			isa = XCBuildConfiguration;
			buildSettings = {
				ASSETCATALOG_COMPILER_APPICON_NAME = AppIcon;
				INFOPLIST_FILE = Sandbox/Info.plist;
				LD_RUNPATH_SEARCH_PATHS = "$(inherited) @executable_path/Frameworks";
				PRODUCT_NAME = "$(TARGET_NAME)";
			};
			name = Debug;
		};
		76A038F71A93F11000A14332 /* Release */ = {
			isa = XCBuildConfiguration;
			buildSettings = {
				ASSETCATALOG_COMPILER_APPICON_NAME = AppIcon;
				INFOPLIST_FILE = Sandbox/Info.plist;
				LD_RUNPATH_SEARCH_PATHS = "$(inherited) @executable_path/Frameworks";
				PRODUCT_NAME = "$(TARGET_NAME)";
			};
			name = Release;
		};
		76A038F91A93F11000A14332 /* Debug */ = {
			isa = XCBuildConfiguration;
			buildSettings = {
				BUNDLE_LOADER = "$(TEST_HOST)";
				FRAMEWORK_SEARCH_PATHS = (
					"$(SDKROOT)/Developer/Library/Frameworks",
					"$(inherited)",
				);
				GCC_PREPROCESSOR_DEFINITIONS = (
					"DEBUG=1",
					"$(inherited)",
				);
				INFOPLIST_FILE = SandboxTests/Info.plist;
				LD_RUNPATH_SEARCH_PATHS = "$(inherited) @executable_path/Frameworks @loader_path/Frameworks";
				PRODUCT_NAME = "$(TARGET_NAME)";
				TEST_HOST = "$(BUILT_PRODUCTS_DIR)/Sandbox.app/Sandbox";
			};
			name = Debug;
		};
		76A038FA1A93F11000A14332 /* Release */ = {
			isa = XCBuildConfiguration;
			buildSettings = {
				BUNDLE_LOADER = "$(TEST_HOST)";
				FRAMEWORK_SEARCH_PATHS = (
					"$(SDKROOT)/Developer/Library/Frameworks",
					"$(inherited)",
				);
				INFOPLIST_FILE = SandboxTests/Info.plist;
				LD_RUNPATH_SEARCH_PATHS = "$(inherited) @executable_path/Frameworks @loader_path/Frameworks";
				PRODUCT_NAME = "$(TARGET_NAME)";
				TEST_HOST = "$(BUILT_PRODUCTS_DIR)/Sandbox.app/Sandbox";
			};
			name = Release;
		};
/* End XCBuildConfiguration section */

/* Begin XCConfigurationList section */
		76A038CD1A93F11000A14332 /* Build configuration list for PBXProject "Sandbox" */ = {
			isa = XCConfigurationList;
			buildConfigurations = (
				76A038F31A93F11000A14332 /* Debug */,
				76A038F41A93F11000A14332 /* Release */,
			);
			defaultConfigurationIsVisible = 0;
			defaultConfigurationName = Release;
		};
		76A038F51A93F11000A14332 /* Build configuration list for PBXNativeTarget "Sandbox" */ = {
			isa = XCConfigurationList;
			buildConfigurations = (
				76A038F61A93F11000A14332 /* Debug */,
				76A038F71A93F11000A14332 /* Release */,
			);
			defaultConfigurationIsVisible = 0;
		};
		76A038F81A93F11000A14332 /* Build configuration list for PBXNativeTarget "SandboxTests" */ = {
			isa = XCConfigurationList;
			buildConfigurations = (
				76A038F91A93F11000A14332 /* Debug */,
				76A038FA1A93F11000A14332 /* Release */,
			);
			defaultConfigurationIsVisible = 0;
		};
/* End XCConfigurationList section */
	};
	rootObject = 76A038CA1A93F11000A14332 /* Project object */;
}
